
Microsoft Visual Studio Solution File, Format Version 12.00
# Visual Studio Version 17
VisualStudioVersion = 17.4.33213.308
MinimumVisualStudioVersion = 10.0.40219.1
Project("{FAE04EC0-301F-11D3-BF4B-00C04F79EFBC}") = "EmployeeWage", "EmployeeWage.csproj", "{9E719752-1860-4CDA-A0ED-7DA8B48B6BDA}"
EndProject
Global
	GlobalSection(SolutionConfigurationPlatforms) = preSolution
		Debug|Any CPU = Debug|Any CPU
		Release|Any CPU = Release|Any CPU
	EndGlobalSection
	GlobalSection(ProjectConfigurationPlatforms) = postSolution
		{9E719752-1860-4CDA-A0ED-7DA8B48B6BDA}.Debug|Any CPU.ActiveCfg = Debug|Any CPU
		{9E719752-1860-4CDA-A0ED-7DA8B48B6BDA}.Debug|Any CPU.Build.0 = Debug|Any CPU
		{9E719752-1860-4CDA-A0ED-7DA8B48B6BDA}.Release|Any CPU.ActiveCfg = Release|Any CPU
		{9E719752-1860-4CDA-A0ED-7DA8B48B6BDA}.Release|Any CPU.Build.0 = Release|Any CPU
	EndGlobalSection
	GlobalSection(SolutionProperties) = preSolution
		HideSolutionNode = FALSE
	EndGlobalSection
	GlobalSection(ExtensibilityGlobals) = postSolution
		SolutionGuid = {ED76DAA3-5257-4DE5-9A05-1938ECC94E1E}
	EndGlobalSection
EndGlobal
